[{<<"erocksdb">>,
  {git,"https://gitlab.com/barrel-db/erocksdb.git",
       {ref,"c8c7c76f8891c94b048598e939384769069ce681"}},
  0},
 {<<"goldrush">>,
  {git,"git://github.com/DeadZen/goldrush.git",
       {ref,"212299233c7e7eb63a97be2777e1c05ebaa58dbe"}},
  1},
 {<<"gproc">>,
  {git,"https://github.com/uwiger/gproc.git",
       {ref,"85d8dddf2b04690cee051994b40bfa45925f9e36"}},
  0},
 {<<"lager">>,
  {git,"https://github.com/basho/lager.git",
       {ref,"45fe95ba6cd964b7a667394c4e671a5afe8f5a42"}},
  0}].
