[{<<"edown">>,
  {git,"git://github.com/uwiger/edown.git",
       {ref,"d864427506cd93a00712b7c3b9a89d793e7e1600"}},
  1},
 {<<"erocksdb">>,
  {git,"https://github.com/barrel-db/erocksdb.git",
       {ref,"eb08911101848d52729850c72cf6a24e273787ab"}},
  0},
 {<<"goldrush">>,
  {git,"git://github.com/DeadZen/goldrush.git",
       {ref,"212299233c7e7eb63a97be2777e1c05ebaa58dbe"}},
  1},
 {<<"gproc">>,
  {git,"https://github.com/uwiger/gproc.git",
       {ref,"85d8dddf2b04690cee051994b40bfa45925f9e36"}},
  0},
 {<<"lager">>,
  {git,"https://github.com/basho/lager.git",
       {ref,"45fe95ba6cd964b7a667394c4e671a5afe8f5a42"}},
  0},
 {<<"quickrand">>,
  {git,"https://github.com/okeuday/quickrand.git",
       {ref,"75a709de3ccffb0bf53989ccb2e538d230215493"}},
  1},
 {<<"sext">>,
  {git,"https://github.com/barrel-db/sext.git",
       {ref,"2587e296791a007441278a6e58ac819613520a5f"}},
  0},
 {<<"uuid">>,
  {git,"https://github.com/okeuday/uuid.git",
       {ref,"b2a42be011400bc182e5b0bb68cdc7e4084d13e7"}},
  0}].
